
Microsoft Visual Studio Solution File, Format Version 12.00
# Visual Studio 15
VisualStudioVersion = 15.0.28010.2046
MinimumVisualStudioVersion = 10.0.40219.1
Project("{8BC9CEB8-8B4A-11D0-8D11-00A0C91BC942}") = "vector练习", "vector练习\vector练习.vcxproj", "{1D1031A9-DD69-41A0-BF7A-4A1C1B661202}"
EndProject
Global
	GlobalSection(SolutionConfigurationPlatforms) = preSolution
		Debug|x64 = Debug|x64
		Debug|x86 = Debug|x86
		Release|x64 = Release|x64
		Release|x86 = Release|x86
	EndGlobalSection
	GlobalSection(ProjectConfigurationPlatforms) = postSolution
		{1D1031A9-DD69-41A0-BF7A-4A1C1B661202}.Debug|x64.ActiveCfg = Debug|x64
		{1D1031A9-DD69-41A0-BF7A-4A1C1B661202}.Debug|x64.Build.0 = Debug|x64
		{1D1031A9-DD69-41A0-BF7A-4A1C1B661202}.Debug|x86.ActiveCfg = Debug|Win32
		{1D1031A9-DD69-41A0-BF7A-4A1C1B661202}.Debug|x86.Build.0 = Debug|Win32
		{1D1031A9-DD69-41A0-BF7A-4A1C1B661202}.Release|x64.ActiveCfg = Release|x64
		{1D1031A9-DD69-41A0-BF7A-4A1C1B661202}.Release|x64.Build.0 = Release|x64
		{1D1031A9-DD69-41A0-BF7A-4A1C1B661202}.Release|x86.ActiveCfg = Release|Win32
		{1D1031A9-DD69-41A0-BF7A-4A1C1B661202}.Release|x86.Build.0 = Release|Win32
	EndGlobalSection
	GlobalSection(SolutionProperties) = preSolution
		HideSolutionNode = FALSE
	EndGlobalSection
	GlobalSection(ExtensibilityGlobals) = postSolution
		SolutionGuid = {E64E5BD3-3707-4B3A-983D-3A9D17E5E2B5}
	EndGlobalSection
EndGlobal
