
Microsoft Visual Studio Solution File, Format Version 12.00
# Visual Studio 15
VisualStudioVersion = 15.0.28010.2046
MinimumVisualStudioVersion = 10.0.40219.1
Project("{8BC9CEB8-8B4A-11D0-8D11-00A0C91BC942}") = "string(模拟实现)", "string(模拟实现)\string(模拟实现).vcxproj", "{26D9ADFF-0CD8-487C-898C-F06B2A187F35}"
EndProject
Global
	GlobalSection(SolutionConfigurationPlatforms) = preSolution
		Debug|x64 = Debug|x64
		Debug|x86 = Debug|x86
		Release|x64 = Release|x64
		Release|x86 = Release|x86
	EndGlobalSection
	GlobalSection(ProjectConfigurationPlatforms) = postSolution
		{26D9ADFF-0CD8-487C-898C-F06B2A187F35}.Debug|x64.ActiveCfg = Debug|x64
		{26D9ADFF-0CD8-487C-898C-F06B2A187F35}.Debug|x64.Build.0 = Debug|x64
		{26D9ADFF-0CD8-487C-898C-F06B2A187F35}.Debug|x86.ActiveCfg = Debug|Win32
		{26D9ADFF-0CD8-487C-898C-F06B2A187F35}.Debug|x86.Build.0 = Debug|Win32
		{26D9ADFF-0CD8-487C-898C-F06B2A187F35}.Release|x64.ActiveCfg = Release|x64
		{26D9ADFF-0CD8-487C-898C-F06B2A187F35}.Release|x64.Build.0 = Release|x64
		{26D9ADFF-0CD8-487C-898C-F06B2A187F35}.Release|x86.ActiveCfg = Release|Win32
		{26D9ADFF-0CD8-487C-898C-F06B2A187F35}.Release|x86.Build.0 = Release|Win32
	EndGlobalSection
	GlobalSection(SolutionProperties) = preSolution
		HideSolutionNode = FALSE
	EndGlobalSection
	GlobalSection(ExtensibilityGlobals) = postSolution
		SolutionGuid = {141DDEBA-C74B-4766-8241-08AA880EEC4E}
	EndGlobalSection
EndGlobal
